
Microsoft Visual Studio Solution File, Format Version 12.00
# Visual Studio Version 16
VisualStudioVersion = 16.0.31624.102
MinimumVisualStudioVersion = 10.0.40219.1
Project("{FAE04EC0-301F-11D3-BF4B-00C04F79EFBC}") = "Travail_Pratique_Matrice", "Travail_Pratique_Matrice.csproj", "{2D31D5EC-3A39-4FC8-AF82-20B8C8ECB07F}"
EndProject
Project("{FAE04EC0-301F-11D3-BF4B-00C04F79EFBC}") = "TestMatrix", "..\TestMatrix\TestMatrix.csproj", "{5CE6E5CC-6DE0-4FBF-862D-5C63A7EDBEE8}"
EndProject
Global
	GlobalSection(SolutionConfigurationPlatforms) = preSolution
		Debug|Any CPU = Debug|Any CPU
		Release|Any CPU = Release|Any CPU
	EndGlobalSection
	GlobalSection(ProjectConfigurationPlatforms) = postSolution
		{2D31D5EC-3A39-4FC8-AF82-20B8C8ECB07F}.Debug|Any CPU.ActiveCfg = Debug|Any CPU
		{2D31D5EC-3A39-4FC8-AF82-20B8C8ECB07F}.Debug|Any CPU.Build.0 = Debug|Any CPU
		{2D31D5EC-3A39-4FC8-AF82-20B8C8ECB07F}.Release|Any CPU.ActiveCfg = Release|Any CPU
		{2D31D5EC-3A39-4FC8-AF82-20B8C8ECB07F}.Release|Any CPU.Build.0 = Release|Any CPU
		{5CE6E5CC-6DE0-4FBF-862D-5C63A7EDBEE8}.Debug|Any CPU.ActiveCfg = Debug|Any CPU
		{5CE6E5CC-6DE0-4FBF-862D-5C63A7EDBEE8}.Debug|Any CPU.Build.0 = Debug|Any CPU
		{5CE6E5CC-6DE0-4FBF-862D-5C63A7EDBEE8}.Release|Any CPU.ActiveCfg = Release|Any CPU
		{5CE6E5CC-6DE0-4FBF-862D-5C63A7EDBEE8}.Release|Any CPU.Build.0 = Release|Any CPU
	EndGlobalSection
	GlobalSection(SolutionProperties) = preSolution
		HideSolutionNode = FALSE
	EndGlobalSection
	GlobalSection(ExtensibilityGlobals) = postSolution
		SolutionGuid = {A33E07EA-1091-4D17-8193-90EE5F1FBB70}
	EndGlobalSection
EndGlobal
